
Microsoft Visual Studio Solution File, Format Version 12.00
# Visual Studio 15
VisualStudioVersion = 15.0.28010.2046
MinimumVisualStudioVersion = 10.0.40219.1
Project("{888888A0-9F3D-457C-B088-3A5042F75D52}") = "Project1", "Project1\Project1.pyproj", "{5BF898DC-C86A-490B-AF83-6A0D71754047}"
EndProject
Global
	GlobalSection(SolutionConfigurationPlatforms) = preSolution
		Debug|Any CPU = Debug|Any CPU
		Release|Any CPU = Release|Any CPU
	EndGlobalSection
	GlobalSection(ProjectConfigurationPlatforms) = postSolution
		{5BF898DC-C86A-490B-AF83-6A0D71754047}.Debug|Any CPU.ActiveCfg = Debug|Any CPU
		{5BF898DC-C86A-490B-AF83-6A0D71754047}.Release|Any CPU.ActiveCfg = Release|Any CPU
	EndGlobalSection
	GlobalSection(SolutionProperties) = preSolution
		HideSolutionNode = FALSE
	EndGlobalSection
	GlobalSection(ExtensibilityGlobals) = postSolution
		SolutionGuid = {D8DC457F-B2D5-4274-902E-445525531AC1}
	EndGlobalSection
EndGlobal
